
Microsoft Visual Studio Solution File, Format Version 12.00
# Visual Studio Version 16
VisualStudioVersion = 16.0.31321.278
MinimumVisualStudioVersion = 10.0.40219.1
Project("{9A19103F-16F7-4668-BE54-9A1E7A4F7556}") = "Scout24.Statistic", "Scout24.Statistic\Scout24.Statistic.csproj", "{104E8324-C2B9-43BE-8040-36B736A64D45}"
EndProject
Project("{9A19103F-16F7-4668-BE54-9A1E7A4F7556}") = "Scout24.Statistic.Reactive", "Scout24.Statistic.Reactive\Scout24.Statistic.Reactive.csproj", "{06B32A68-FEE5-4C0C-989A-8A75D00D6D3E}"
EndProject
Project("{9A19103F-16F7-4668-BE54-9A1E7A4F7556}") = "Scout24.Statistic.App", "Scout24.Statistic.App\Scout24.Statistic.App.csproj", "{4CA37088-C5A8-4127-AEAC-4865583BE7B7}"
EndProject
Global
	GlobalSection(SolutionConfigurationPlatforms) = preSolution
		Debug|Any CPU = Debug|Any CPU
		Release|Any CPU = Release|Any CPU
	EndGlobalSection
	GlobalSection(ProjectConfigurationPlatforms) = postSolution
		{104E8324-C2B9-43BE-8040-36B736A64D45}.Debug|Any CPU.ActiveCfg = Debug|Any CPU
		{104E8324-C2B9-43BE-8040-36B736A64D45}.Debug|Any CPU.Build.0 = Debug|Any CPU
		{104E8324-C2B9-43BE-8040-36B736A64D45}.Release|Any CPU.ActiveCfg = Release|Any CPU
		{104E8324-C2B9-43BE-8040-36B736A64D45}.Release|Any CPU.Build.0 = Release|Any CPU
		{06B32A68-FEE5-4C0C-989A-8A75D00D6D3E}.Debug|Any CPU.ActiveCfg = Debug|Any CPU
		{06B32A68-FEE5-4C0C-989A-8A75D00D6D3E}.Debug|Any CPU.Build.0 = Debug|Any CPU
		{06B32A68-FEE5-4C0C-989A-8A75D00D6D3E}.Release|Any CPU.ActiveCfg = Release|Any CPU
		{06B32A68-FEE5-4C0C-989A-8A75D00D6D3E}.Release|Any CPU.Build.0 = Release|Any CPU
		{4CA37088-C5A8-4127-AEAC-4865583BE7B7}.Debug|Any CPU.ActiveCfg = Debug|Any CPU
		{4CA37088-C5A8-4127-AEAC-4865583BE7B7}.Debug|Any CPU.Build.0 = Debug|Any CPU
		{4CA37088-C5A8-4127-AEAC-4865583BE7B7}.Release|Any CPU.ActiveCfg = Release|Any CPU
		{4CA37088-C5A8-4127-AEAC-4865583BE7B7}.Release|Any CPU.Build.0 = Release|Any CPU
	EndGlobalSection
	GlobalSection(SolutionProperties) = preSolution
		HideSolutionNode = FALSE
	EndGlobalSection
	GlobalSection(ExtensibilityGlobals) = postSolution
		SolutionGuid = {3ABF5A09-BE91-46DF-93C1-BE3932581DF5}
	EndGlobalSection
EndGlobal
